// !$*UTF8*$!
{
	archiveVersion = 1;
	classes = {
	};
	objectVersion = 50;
	objects = {

/* Begin PBXBuildFile section */
		91BFC2C8267BE6BA00402E25 /* StartButtonView.swift in Sources */ = {isa = PBXBuildFile; fileRef = 91BFC2C7267BE6BA00402E25 /* StartButtonView.swift */; };
		91BFC2CA267BEA1600402E25 /* OnboardingView.swift in Sources */ = {isa = PBXBuildFile; fileRef = 91BFC2C9267BEA1600402E25 /* OnboardingView.swift */; };
		91BFC2CD267BEDC100402E25 /* FruitModel.swift in Sources */ = {isa = PBXBuildFile; fileRef = 91BFC2CC267BEDC100402E25 /* FruitModel.swift */; };
		91BFC2D0267BEF8F00402E25 /* FruitData.swift in Sources */ = {isa = PBXBuildFile; fileRef = 91BFC2CF267BEF8F00402E25 /* FruitData.swift */; };
		91BFC2D2267D052D00402E25 /* FruitRowView.swift in Sources */ = {isa = PBXBuildFile; fileRef = 91BFC2D1267D052D00402E25 /* FruitRowView.swift */; };
		91BFC2D4267D166E00402E25 /* FruitDetailView.swift in Sources */ = {isa = PBXBuildFile; fileRef = 91BFC2D3267D166E00402E25 /* FruitDetailView.swift */; };
		91BFC2D6267D1B8E00402E25 /* FruitHeaderView.swift in Sources */ = {isa = PBXBuildFile; fileRef = 91BFC2D5267D1B8E00402E25 /* FruitHeaderView.swift */; };
		91BFC2D8267D1E8D00402E25 /* SourceLinkView.swift in Sources */ = {isa = PBXBuildFile; fileRef = 91BFC2D7267D1E8D00402E25 /* SourceLinkView.swift */; };
		91F5DC7B267BC75B00BCCC2F /* ContentView.swift in Sources */ = {isa = PBXBuildFile; fileRef = 91F5DC7A267BC75B00BCCC2F /* ContentView.swift */; };
		91F5DC7D267BC75F00BCCC2F /* Assets.xcassets in Resources */ = {isa = PBXBuildFile; fileRef = 91F5DC7C267BC75F00BCCC2F /* Assets.xcassets */; };
		91F5DC80267BC75F00BCCC2F /* Preview Assets.xcassets in Resources */ = {isa = PBXBuildFile; fileRef = 91F5DC7F267BC75F00BCCC2F /* Preview Assets.xcassets */; };
		91F5DC83267BC75F00BCCC2F /* LaunchScreen.storyboard in Resources */ = {isa = PBXBuildFile; fileRef = 91F5DC81267BC75F00BCCC2F /* LaunchScreen.storyboard */; };
		91F5DC8C267BDC3800BCCC2F /* FruitApp.swift in Sources */ = {isa = PBXBuildFile; fileRef = 91F5DC8B267BDC3800BCCC2F /* FruitApp.swift */; };
		91F5DC90267BDC9400BCCC2F /* FruitCardView.swift in Sources */ = {isa = PBXBuildFile; fileRef = 91F5DC8F267BDC9400BCCC2F /* FruitCardView.swift */; };
/* End PBXBuildFile section */

/* Begin PBXFileReference section */
		91BFC2C7267BE6BA00402E25 /* StartButtonView.swift */ = {isa = PBXFileReference; lastKnownFileType = sourcecode.swift; path = StartButtonView.swift; sourceTree = "<group>"; };
		91BFC2C9267BEA1600402E25 /* OnboardingView.swift */ = {isa = PBXFileReference; lastKnownFileType = sourcecode.swift; path = OnboardingView.swift; sourceTree = "<group>"; };
		91BFC2CC267BEDC100402E25 /* FruitModel.swift */ = {isa = PBXFileReference; lastKnownFileType = sourcecode.swift; path = FruitModel.swift; sourceTree = "<group>"; };
		91BFC2CF267BEF8F00402E25 /* FruitData.swift */ = {isa = PBXFileReference; lastKnownFileType = sourcecode.swift; path = FruitData.swift; sourceTree = "<group>"; };
		91BFC2D1267D052D00402E25 /* FruitRowView.swift */ = {isa = PBXFileReference; lastKnownFileType = sourcecode.swift; path = FruitRowView.swift; sourceTree = "<group>"; };
		91BFC2D3267D166E00402E25 /* FruitDetailView.swift */ = {isa = PBXFileReference; lastKnownFileType = sourcecode.swift; path = FruitDetailView.swift; sourceTree = "<group>"; };
		91BFC2D5267D1B8E00402E25 /* FruitHeaderView.swift */ = {isa = PBXFileReference; lastKnownFileType = sourcecode.swift; path = FruitHeaderView.swift; sourceTree = "<group>"; };
		91BFC2D7267D1E8D00402E25 /* SourceLinkView.swift */ = {isa = PBXFileReference; lastKnownFileType = sourcecode.swift; path = SourceLinkView.swift; sourceTree = "<group>"; };
		91F5DC73267BC75B00BCCC2F /* FruitsApp.app */ = {isa = PBXFileReference; explicitFileType = wrapper.application; includeInIndex = 0; path = FruitsApp.app; sourceTree = BUILT_PRODUCTS_DIR; };
		91F5DC7A267BC75B00BCCC2F /* ContentView.swift */ = {isa = PBXFileReference; lastKnownFileType = sourcecode.swift; path = ContentView.swift; sourceTree = "<group>"; };
		91F5DC7C267BC75F00BCCC2F /* Assets.xcassets */ = {isa = PBXFileReference; lastKnownFileType = folder.assetcatalog; path = Assets.xcassets; sourceTree = "<group>"; };
		91F5DC7F267BC75F00BCCC2F /* Preview Assets.xcassets */ = {isa = PBXFileReference; lastKnownFileType = folder.assetcatalog; path = "Preview Assets.xcassets"; sourceTree = "<group>"; };
		91F5DC82267BC75F00BCCC2F /* Base */ = {isa = PBXFileReference; lastKnownFileType = file.storyboard; name = Base; path = Base.lproj/LaunchScreen.storyboard; sourceTree = "<group>"; };
		91F5DC84267BC75F00BCCC2F /* Info.plist */ = {isa = PBXFileReference; lastKnownFileType = text.plist.xml; path = Info.plist; sourceTree = "<group>"; };
		91F5DC8B267BDC3800BCCC2F /* FruitApp.swift */ = {isa = PBXFileReference; lastKnownFileType = sourcecode.swift; path = FruitApp.swift; sourceTree = "<group>"; };
		91F5DC8F267BDC9400BCCC2F /* FruitCardView.swift */ = {isa = PBXFileReference; lastKnownFileType = sourcecode.swift; path = FruitCardView.swift; sourceTree = "<group>"; };
/* End PBXFileReference section */

/* Begin PBXFrameworksBuildPhase section */
		91F5DC70267BC75B00BCCC2F /* Frameworks */ = {
			isa = PBXFrameworksBuildPhase;
			buildActionMask = 2147483647;
			files = (
			);
			runOnlyForDeploymentPostprocessing = 0;
		};
/* End PBXFrameworksBuildPhase section */

/* Begin PBXGroup section */
		91BFC2CB267BEDA900402E25 /* Model */ = {
			isa = PBXGroup;
			children = (
				91BFC2CC267BEDC100402E25 /* FruitModel.swift */,
			);
			path = Model;
			sourceTree = "<group>";
		};
		91BFC2CE267BEF7F00402E25 /* Data */ = {
			isa = PBXGroup;
			children = (
				91BFC2CF267BEF8F00402E25 /* FruitData.swift */,
			);
			path = Data;
			sourceTree = "<group>";
		};
		91F5DC6A267BC75B00BCCC2F = {
			isa = PBXGroup;
			children = (
				91F5DC75267BC75B00BCCC2F /* FruitsApp */,
				91F5DC74267BC75B00BCCC2F /* Products */,
			);
			sourceTree = "<group>";
		};
		91F5DC74267BC75B00BCCC2F /* Products */ = {
			isa = PBXGroup;
			children = (
				91F5DC73267BC75B00BCCC2F /* FruitsApp.app */,
			);
			name = Products;
			sourceTree = "<group>";
		};
		91F5DC75267BC75B00BCCC2F /* FruitsApp */ = {
			isa = PBXGroup;
			children = (
				91BFC2CE267BEF7F00402E25 /* Data */,
				91BFC2CB267BEDA900402E25 /* Model */,
				91F5DC8D267BDC5E00BCCC2F /* View */,
				91F5DC8A267BDBF000BCCC2F /* App */,
				91F5DC7C267BC75F00BCCC2F /* Assets.xcassets */,
				91F5DC8E267BDC7200BCCC2F /* App Config */,
				91F5DC81267BC75F00BCCC2F /* LaunchScreen.storyboard */,
				91F5DC84267BC75F00BCCC2F /* Info.plist */,
				91F5DC7E267BC75F00BCCC2F /* Preview Content */,
			);
			path = FruitsApp;
			sourceTree = "<group>";
		};
		91F5DC7E267BC75F00BCCC2F /* Preview Content */ = {
			isa = PBXGroup;
			children = (
				91F5DC7F267BC75F00BCCC2F /* Preview Assets.xcassets */,
			);
			path = "Preview Content";
			sourceTree = "<group>";
		};
		91F5DC8A267BDBF000BCCC2F /* App */ = {
			isa = PBXGroup;
			children = (
				91F5DC8B267BDC3800BCCC2F /* FruitApp.swift */,
				91F5DC7A267BC75B00BCCC2F /* ContentView.swift */,
				91BFC2C9267BEA1600402E25 /* OnboardingView.swift */,
				91BFC2D3267D166E00402E25 /* FruitDetailView.swift */,
			);
			path = App;
			sourceTree = "<group>";
		};
		91F5DC8D267BDC5E00BCCC2F /* View */ = {
			isa = PBXGroup;
			children = (
				91F5DC8F267BDC9400BCCC2F /* FruitCardView.swift */,
				91BFC2C7267BE6BA00402E25 /* StartButtonView.swift */,
				91BFC2D1267D052D00402E25 /* FruitRowView.swift */,
				91BFC2D5267D1B8E00402E25 /* FruitHeaderView.swift */,
				91BFC2D7267D1E8D00402E25 /* SourceLinkView.swift */,
			);
			path = View;
			sourceTree = "<group>";
		};
		91F5DC8E267BDC7200BCCC2F /* App Config */ = {
			isa = PBXGroup;
			children = (
			);
			path = "App Config";
			sourceTree = "<group>";
		};
/* End PBXGroup section */

/* Begin PBXNativeTarget section */
		91F5DC72267BC75B00BCCC2F /* FruitsApp */ = {
			isa = PBXNativeTarget;
			buildConfigurationList = 91F5DC87267BC75F00BCCC2F /* Build configuration list for PBXNativeTarget "FruitsApp" */;
			buildPhases = (
				91F5DC6F267BC75B00BCCC2F /* Sources */,
				91F5DC70267BC75B00BCCC2F /* Frameworks */,
				91F5DC71267BC75B00BCCC2F /* Resources */,
			);
			buildRules = (
			);
			dependencies = (
			);
			name = FruitsApp;
			productName = FruitsApp;
			productReference = 91F5DC73267BC75B00BCCC2F /* FruitsApp.app */;
			productType = "com.apple.product-type.application";
		};
/* End PBXNativeTarget section */

/* Begin PBXProject section */
		91F5DC6B267BC75B00BCCC2F /* Project object */ = {
			isa = PBXProject;
			attributes = {
				LastSwiftUpdateCheck = 1250;
				LastUpgradeCheck = 1250;
				TargetAttributes = {
					91F5DC72267BC75B00BCCC2F = {
						CreatedOnToolsVersion = 12.5;
					};
				};
			};
			buildConfigurationList = 91F5DC6E267BC75B00BCCC2F /* Build configuration list for PBXProject "FruitsApp" */;
			compatibilityVersion = "Xcode 9.3";
			developmentRegion = en;
			hasScannedForEncodings = 0;
			knownRegions = (
				en,
				Base,
			);
			mainGroup = 91F5DC6A267BC75B00BCCC2F;
			productRefGroup = 91F5DC74267BC75B00BCCC2F /* Products */;
			projectDirPath = "";
			projectRoot = "";
			targets = (
				91F5DC72267BC75B00BCCC2F /* FruitsApp */,
			);
		};
/* End PBXProject section */

/* Begin PBXResourcesBuildPhase section */
		91F5DC71267BC75B00BCCC2F /* Resources */ = {
			isa = PBXResourcesBuildPhase;
			buildActionMask = 2147483647;
			files = (
				91F5DC83267BC75F00BCCC2F /* LaunchScreen.storyboard in Resources */,
				91F5DC80267BC75F00BCCC2F /* Preview Assets.xcassets in Resources */,
				91F5DC7D267BC75F00BCCC2F /* Assets.xcassets in Resources */,
			);
			runOnlyForDeploymentPostprocessing = 0;
		};
/* End PBXResourcesBuildPhase section */

/* Begin PBXSourcesBuildPhase section */
		91F5DC6F267BC75B00BCCC2F /* Sources */ = {
			isa = PBXSourcesBuildPhase;
			buildActionMask = 2147483647;
			files = (
				91BFC2D0267BEF8F00402E25 /* FruitData.swift in Sources */,
				91BFC2D8267D1E8D00402E25 /* SourceLinkView.swift in Sources */,
				91F5DC8C267BDC3800BCCC2F /* FruitApp.swift in Sources */,
				91BFC2D2267D052D00402E25 /* FruitRowView.swift in Sources */,
				91F5DC90267BDC9400BCCC2F /* FruitCardView.swift in Sources */,
				91BFC2D4267D166E00402E25 /* FruitDetailView.swift in Sources */,
				91BFC2C8267BE6BA00402E25 /* StartButtonView.swift in Sources */,
				91BFC2D6267D1B8E00402E25 /* FruitHeaderView.swift in Sources */,
				91F5DC7B267BC75B00BCCC2F /* ContentView.swift in Sources */,
				91BFC2CD267BEDC100402E25 /* FruitModel.swift in Sources */,
				91BFC2CA267BEA1600402E25 /* OnboardingView.swift in Sources */,
			);
			runOnlyForDeploymentPostprocessing = 0;
		};
/* End PBXSourcesBuildPhase section */

/* Begin PBXVariantGroup section */
		91F5DC81267BC75F00BCCC2F /* LaunchScreen.storyboard */ = {
			isa = PBXVariantGroup;
			children = (
				91F5DC82267BC75F00BCCC2F /* Base */,
			);
			name = LaunchScreen.storyboard;
			sourceTree = "<group>";
		};
/* End PBXVariantGroup section */

/* Begin XCBuildConfiguration section */
		91F5DC85267BC75F00BCCC2F /* Debug */ = {
			isa = XCBuildConfiguration;
			buildSettings = {
				ALWAYS_SEARCH_USER_PATHS = NO;
				CLANG_ANALYZER_NONNULL = YES;
				CLANG_ANALYZER_NUMBER_OBJECT_CONVERSION = YES_AGGRESSIVE;
				CLANG_CXX_LANGUAGE_STANDARD = "gnu++14";
				CLANG_CXX_LIBRARY = "libc++";
				CLANG_ENABLE_MODULES = YES;
				CLANG_ENABLE_OBJC_ARC = YES;
				CLANG_ENABLE_OBJC_WEAK = YES;
				CLANG_WARN_BLOCK_CAPTURE_AUTORELEASING = YES;
				CLANG_WARN_BOOL_CONVERSION = YES;
				CLANG_WARN_COMMA = YES;
				CLANG_WARN_CONSTANT_CONVERSION = YES;
				CLANG_WARN_DEPRECATED_OBJC_IMPLEMENTATIONS = YES;
				CLANG_WARN_DIRECT_OBJC_ISA_USAGE = YES_ERROR;
				CLANG_WARN_DOCUMENTATION_COMMENTS = YES;
				CLANG_WARN_EMPTY_BODY = YES;
				CLANG_WARN_ENUM_CONVERSION = YES;
				CLANG_WARN_INFINITE_RECURSION = YES;
				CLANG_WARN_INT_CONVERSION = YES;
				CLANG_WARN_NON_LITERAL_NULL_CONVERSION = YES;
				CLANG_WARN_OBJC_IMPLICIT_RETAIN_SELF = YES;
				CLANG_WARN_OBJC_LITERAL_CONVERSION = YES;
				CLANG_WARN_OBJC_ROOT_CLASS = YES_ERROR;
				CLANG_WARN_QUOTED_INCLUDE_IN_FRAMEWORK_HEADER = YES;
				CLANG_WARN_RANGE_LOOP_ANALYSIS = YES;
				CLANG_WARN_STRICT_PROTOTYPES = YES;
				CLANG_WARN_SUSPICIOUS_MOVE = YES;
				CLANG_WARN_UNGUARDED_AVAILABILITY = YES_AGGRESSIVE;
				CLANG_WARN_UNREACHABLE_CODE = YES;
				CLANG_WARN__DUPLICATE_METHOD_MATCH = YES;
				COPY_PHASE_STRIP = NO;
				DEBUG_INFORMATION_FORMAT = dwarf;
				ENABLE_STRICT_OBJC_MSGSEND = YES;
				ENABLE_TESTABILITY = YES;
				GCC_C_LANGUAGE_STANDARD = gnu11;
				GCC_DYNAMIC_NO_PIC = NO;
				GCC_NO_COMMON_BLOCKS = YES;
				GCC_OPTIMIZATION_LEVEL = 0;
				GCC_PREPROCESSOR_DEFINITIONS = (
					"DEBUG=1",
					"$(inherited)",
				);
				GCC_WARN_64_TO_32_BIT_CONVERSION = YES;
				GCC_WARN_ABOUT_RETURN_TYPE = YES_ERROR;
				GCC_WARN_UNDECLARED_SELECTOR = YES;
				GCC_WARN_UNINITIALIZED_AUTOS = YES_AGGRESSIVE;
				GCC_WARN_UNUSED_FUNCTION = YES;
				GCC_WARN_UNUSED_VARIABLE = YES;
				IPHONEOS_DEPLOYMENT_TARGET = 14.5;
				MTL_ENABLE_DEBUG_INFO = INCLUDE_SOURCE;
				MTL_FAST_MATH = YES;
				ONLY_ACTIVE_ARCH = YES;
				SDKROOT = iphoneos;
				SWIFT_ACTIVE_COMPILATION_CONDITIONS = DEBUG;
				SWIFT_OPTIMIZATION_LEVEL = "-Onone";
			};
			name = Debug;
		};
		91F5DC86267BC75F00BCCC2F /* Release */ = {
			isa = XCBuildConfiguration;
			buildSettings = {
				ALWAYS_SEARCH_USER_PATHS = NO;
				CLANG_ANALYZER_NONNULL = YES;
				CLANG_ANALYZER_NUMBER_OBJECT_CONVERSION = YES_AGGRESSIVE;
				CLANG_CXX_LANGUAGE_STANDARD = "gnu++14";
				CLANG_CXX_LIBRARY = "libc++";
				CLANG_ENABLE_MODULES = YES;
				CLANG_ENABLE_OBJC_ARC = YES;
				CLANG_ENABLE_OBJC_WEAK = YES;
				CLANG_WARN_BLOCK_CAPTURE_AUTORELEASING = YES;
				CLANG_WARN_BOOL_CONVERSION = YES;
				CLANG_WARN_COMMA = YES;
				CLANG_WARN_CONSTANT_CONVERSION = YES;
				CLANG_WARN_DEPRECATED_OBJC_IMPLEMENTATIONS = YES;
				CLANG_WARN_DIRECT_OBJC_ISA_USAGE = YES_ERROR;
				CLANG_WARN_DOCUMENTATION_COMMENTS = YES;
				CLANG_WARN_EMPTY_BODY = YES;
				CLANG_WARN_ENUM_CONVERSION = YES;
				CLANG_WARN_INFINITE_RECURSION = YES;
				CLANG_WARN_INT_CONVERSION = YES;
				CLANG_WARN_NON_LITERAL_NULL_CONVERSION = YES;
				CLANG_WARN_OBJC_IMPLICIT_RETAIN_SELF = YES;
				CLANG_WARN_OBJC_LITERAL_CONVERSION = YES;
				CLANG_WARN_OBJC_ROOT_CLASS = YES_ERROR;
				CLANG_WARN_QUOTED_INCLUDE_IN_FRAMEWORK_HEADER = YES;
				CLANG_WARN_RANGE_LOOP_ANALYSIS = YES;
				CLANG_WARN_STRICT_PROTOTYPES = YES;
				CLANG_WARN_SUSPICIOUS_MOVE = YES;
				CLANG_WARN_UNGUARDED_AVAILABILITY = YES_AGGRESSIVE;
				CLANG_WARN_UNREACHABLE_CODE = YES;
				CLANG_WARN__DUPLICATE_METHOD_MATCH = YES;
				COPY_PHASE_STRIP = NO;
				DEBUG_INFORMATION_FORMAT = "dwarf-with-dsym";
				ENABLE_NS_ASSERTIONS = NO;
				ENABLE_STRICT_OBJC_MSGSEND = YES;
				GCC_C_LANGUAGE_STANDARD = gnu11;
				GCC_NO_COMMON_BLOCKS = YES;
				GCC_WARN_64_TO_32_BIT_CONVERSION = YES;
				GCC_WARN_ABOUT_RETURN_TYPE = YES_ERROR;
				GCC_WARN_UNDECLARED_SELECTOR = YES;
				GCC_WARN_UNINITIALIZED_AUTOS = YES_AGGRESSIVE;
				GCC_WARN_UNUSED_FUNCTION = YES;
				GCC_WARN_UNUSED_VARIABLE = YES;
				IPHONEOS_DEPLOYMENT_TARGET = 14.5;
				MTL_ENABLE_DEBUG_INFO = NO;
				MTL_FAST_MATH = YES;
				SDKROOT = iphoneos;
				SWIFT_COMPILATION_MODE = wholemodule;
				SWIFT_OPTIMIZATION_LEVEL = "-O";
				VALIDATE_PRODUCT = YES;
			};
			name = Release;
		};
		91F5DC88267BC75F00BCCC2F /* Debug */ = {
			isa = XCBuildConfiguration;
			buildSettings = {
				ASSETCATALOG_COMPILER_APPICON_NAME = AppIcon;
				ASSETCATALOG_COMPILER_GLOBAL_ACCENT_COLOR_NAME = AccentColor;
				CODE_SIGN_STYLE = Automatic;
				DEVELOPMENT_ASSET_PATHS = "\"FruitsApp/Preview Content\"";
				ENABLE_PREVIEWS = YES;
				INFOPLIST_FILE = FruitsApp/Info.plist;
				LD_RUNPATH_SEARCH_PATHS = (
					"$(inherited)",
					"@executable_path/Frameworks",
				);
				PRODUCT_BUNDLE_IDENTIFIER = yburrell.FruitsApp;
				PRODUCT_NAME = "$(TARGET_NAME)";
				SWIFT_VERSION = 5.0;
				TARGETED_DEVICE_FAMILY = "1,2";
			};
			name = Debug;
		};
		91F5DC89267BC75F00BCCC2F /* Release */ = {
			isa = XCBuildConfiguration;
			buildSettings = {
				ASSETCATALOG_COMPILER_APPICON_NAME = AppIcon;
				ASSETCATALOG_COMPILER_GLOBAL_ACCENT_COLOR_NAME = AccentColor;
				CODE_SIGN_STYLE = Automatic;
				DEVELOPMENT_ASSET_PATHS = "\"FruitsApp/Preview Content\"";
				ENABLE_PREVIEWS = YES;
				INFOPLIST_FILE = FruitsApp/Info.plist;
				LD_RUNPATH_SEARCH_PATHS = (
					"$(inherited)",
					"@executable_path/Frameworks",
				);
				PRODUCT_BUNDLE_IDENTIFIER = yburrell.FruitsApp;
				PRODUCT_NAME = "$(TARGET_NAME)";
				SWIFT_VERSION = 5.0;
				TARGETED_DEVICE_FAMILY = "1,2";
			};
			name = Release;
		};
/* End XCBuildConfiguration section */

/* Begin XCConfigurationList section */
		91F5DC6E267BC75B00BCCC2F /* Build configuration list for PBXProject "FruitsApp" */ = {
			isa = XCConfigurationList;
			buildConfigurations = (
				91F5DC85267BC75F00BCCC2F /* Debug */,
				91F5DC86267BC75F00BCCC2F /* Release */,
			);
			defaultConfigurationIsVisible = 0;
			defaultConfigurationName = Release;
		};
		91F5DC87267BC75F00BCCC2F /* Build configuration list for PBXNativeTarget "FruitsApp" */ = {
			isa = XCConfigurationList;
			buildConfigurations = (
				91F5DC88267BC75F00BCCC2F /* Debug */,
				91F5DC89267BC75F00BCCC2F /* Release */,
			);
			defaultConfigurationIsVisible = 0;
			defaultConfigurationName = Release;
		};
/* End XCConfigurationList section */
	};
	rootObject = 91F5DC6B267BC75B00BCCC2F /* Project object */;
}
